<?xml version="1.0" encoding="utf-8"?>
<Project ToolsVersion="4.0" xmlns="http://schemas.microsoft.com/developer/msbuild/2003">
  <ItemGroup>
    <Filter Include="リソース ファイル">
      <UniqueIdentifier>{67DA6AB6-F800-4c08-8B7A-83BB121AAD01}</UniqueIdentifier>
      <Extensions>rc;ico;cur;bmp;dlg;rc2;rct;bin;rgs;gif;jpg;jpeg;jpe;resx;tiff;tif;png;wav;mfcribbon-ms</Extensions>
    </Filter>
    <Filter Include="STAGE">
      <UniqueIdentifier>{9fc906ee-2844-4602-8761-c1c80549fb49}</UniqueIdentifier>
    </Filter>
    <Filter Include="MAP">
      <UniqueIdentifier>{862e7095-35ff-4010-829f-6f3057ab248a}</UniqueIdentifier>
    </Filter>
    <Filter Include="GAME">
      <UniqueIdentifier>{59f14638-576d-495b-8a51-ed36c68aff3b}</UniqueIdentifier>
    </Filter>
  </ItemGroup>
  <ItemGroup>
    <ClCompile Include="SCENE.cpp" />
    <ClCompile Include="STAGE_CRDone.cpp">
      <Filter>STAGE</Filter>
    </ClCompile>
    <ClCompile Include="STAGE_LIVING.cpp">
      <Filter>STAGE</Filter>
    </ClCompile>
    <ClCompile Include="STAGE_OUTSIDE.cpp">
      <Filter>STAGE</Filter>
    </ClCompile>
    <ClCompile Include="STAGE_KITCHEN.cpp">
      <Filter>STAGE</Filter>
    </ClCompile>
    <ClCompile Include="STAGE_BROOM.cpp">
      <Filter>STAGE</Filter>
    </ClCompile>
    <ClCompile Include="STAGE_CRDsec.cpp">
      <Filter>STAGE</Filter>
    </ClCompile>
    <ClCompile Include="STAGE_SDROOM.cpp">
      <Filter>STAGE</Filter>
    </ClCompile>
    <ClCompile Include="STAGE_BEDROOM.cpp">
      <Filter>STAGE</Filter>
    </ClCompile>
    <ClCompile Include="CONTAINER.cpp" />
    <ClCompile Include="MAP.cpp">
      <Filter>MAP</Filter>
    </ClCompile>
    <ClCompile Include="GAME.cpp">
      <Filter>GAME</Filter>
    </ClCompile>
    <ClCompile Include="gmain.cpp">
      <Filter>GAME</Filter>
    </ClCompile>
    <ClCompile Include="GAME_CLEAR.cpp">
      <Filter>GAME</Filter>
    </ClCompile>
    <ClCompile Include="GAME_OBJECT.cpp">
      <Filter>GAME</Filter>
    </ClCompile>
    <ClCompile Include="GAME_OVER.cpp">
      <Filter>GAME</Filter>
    </ClCompile>
    <ClCompile Include="TITLE.cpp">
      <Filter>GAME</Filter>
    </ClCompile>
    <ClCompile Include="MAP2.cpp">
      <Filter>MAP</Filter>
    </ClCompile>
    <ClCompile Include="MAPL.cpp">
      <Filter>MAP</Filter>
    </ClCompile>
    <ClCompile Include="MAPK.cpp">
      <Filter>MAP</Filter>
    </ClCompile>
    <ClCompile Include="MAPH.cpp">
      <Filter>MAP</Filter>
    </ClCompile>
    <ClCompile Include="MAPB.cpp">
      <Filter>MAP</Filter>
    </ClCompile>
    <ClCompile Include="MAPS.cpp">
      <Filter>MAP</Filter>
    </ClCompile>
  </ItemGroup>
  <ItemGroup>
    <ResourceCompile Include="resource.rc">
      <Filter>リソース ファイル</Filter>
    </ResourceCompile>
  </ItemGroup>
  <ItemGroup>
    <ClInclude Include="SCENE.h" />
    <ClInclude Include="STAGE_CRDone.h">
      <Filter>STAGE</Filter>
    </ClInclude>
    <ClInclude Include="STAGE_LIVING.h">
      <Filter>STAGE</Filter>
    </ClInclude>
    <ClInclude Include="STAGE_OUTSIDE.h">
      <Filter>STAGE</Filter>
    </ClInclude>
    <ClInclude Include="STAGE_KITCHEN.h">
      <Filter>STAGE</Filter>
    </ClInclude>
    <ClInclude Include="STAGE_BROOM.h">
      <Filter>STAGE</Filter>
    </ClInclude>
    <ClInclude Include="STAGE_CRDsec.h">
      <Filter>STAGE</Filter>
    </ClInclude>
    <ClInclude Include="STAGE_SDROOM.h">
      <Filter>STAGE</Filter>
    </ClInclude>
    <ClInclude Include="STAGE_BEDROOM.h">
      <Filter>STAGE</Filter>
    </ClInclude>
    <ClInclude Include="CONTAINER.h" />
    <ClInclude Include="MAP.h">
      <Filter>MAP</Filter>
    </ClInclude>
    <ClInclude Include="GAME.h">
      <Filter>GAME</Filter>
    </ClInclude>
    <ClInclude Include="GAME_CLEAR.h">
      <Filter>GAME</Filter>
    </ClInclude>
    <ClInclude Include="GAME_OBJECT.h">
      <Filter>GAME</Filter>
    </ClInclude>
    <ClInclude Include="GAME_OVER.h">
      <Filter>GAME</Filter>
    </ClInclude>
    <ClInclude Include="TITLE.h">
      <Filter>GAME</Filter>
    </ClInclude>
    <ClInclude Include="MAP2.h">
      <Filter>MAP</Filter>
    </ClInclude>
    <ClInclude Include="MAPL.h">
      <Filter>MAP</Filter>
    </ClInclude>
    <ClInclude Include="MAPK.h">
      <Filter>MAP</Filter>
    </ClInclude>
    <ClInclude Include="MAPH.h">
      <Filter>MAP</Filter>
    </ClInclude>
    <ClInclude Include="MAPB.h">
      <Filter>MAP</Filter>
    </ClInclude>
    <ClInclude Include="MAPS.h">
      <Filter>MAP</Filter>
    </ClInclude>
  </ItemGroup>
</Project>