<?xml version="1.0" encoding="utf-8"?>
<Project ToolsVersion="4.0" xmlns="http://schemas.microsoft.com/developer/msbuild/2003">
  <ItemGroup>
    <Filter Include="リソース ファイル">
      <UniqueIdentifier>{67DA6AB6-F800-4c08-8B7A-83BB121AAD01}</UniqueIdentifier>
      <Extensions>rc;ico;cur;bmp;dlg;rc2;rct;bin;rgs;gif;jpg;jpeg;jpe;resx;tiff;tif;png;wav;mfcribbon-ms</Extensions>
    </Filter>
    <Filter Include="MAP">
      <UniqueIdentifier>{862e7095-35ff-4010-829f-6f3057ab248a}</UniqueIdentifier>
    </Filter>
    <Filter Include="CONTAINER">
      <UniqueIdentifier>{3af3d5c0-1721-4840-86af-504ad9ebfaee}</UniqueIdentifier>
    </Filter>
    <Filter Include="MANAGER">
      <UniqueIdentifier>{84a6aa60-991d-492c-b7fe-9d3436192390}</UniqueIdentifier>
    </Filter>
    <Filter Include="SCENE">
      <UniqueIdentifier>{4c9c8ef4-2507-4d56-a9da-c9caff1e6b03}</UniqueIdentifier>
    </Filter>
    <Filter Include="SCENE\GAME">
      <UniqueIdentifier>{59f14638-576d-495b-8a51-ed36c68aff3b}</UniqueIdentifier>
    </Filter>
  </ItemGroup>
  <ItemGroup>
    <ClCompile Include="MAP.cpp">
      <Filter>MAP</Filter>
    </ClCompile>
    <ClCompile Include="GAME_CLEAR.cpp">
      <Filter>SCENE\GAME</Filter>
    </ClCompile>
    <ClCompile Include="GAME_OBJECT.cpp">
      <Filter>SCENE\GAME</Filter>
    </ClCompile>
    <ClCompile Include="GAME_OVER.cpp">
      <Filter>SCENE\GAME</Filter>
    </ClCompile>
    <ClCompile Include="TITLE.cpp">
      <Filter>SCENE\GAME</Filter>
    </ClCompile>
    <ClCompile Include="CHARACTER_MANAGER.cpp" />
    <ClCompile Include="CHARACTER.cpp" />
    <ClCompile Include="PLAYER.cpp" />
    <ClCompile Include="CONTAINER.cpp">
      <Filter>CONTAINER</Filter>
    </ClCompile>
    <ClCompile Include="STAGE.cpp">
      <Filter>MAP</Filter>
    </ClCompile>
    <ClCompile Include="GAME.cpp">
      <Filter>MANAGER</Filter>
    </ClCompile>
    <ClCompile Include="main.cpp">
      <Filter>MANAGER</Filter>
    </ClCompile>
    <ClCompile Include="SCENE.cpp">
      <Filter>SCENE</Filter>
    </ClCompile>
  </ItemGroup>
  <ItemGroup>
    <ResourceCompile Include="resource.rc">
      <Filter>リソース ファイル</Filter>
    </ResourceCompile>
  </ItemGroup>
  <ItemGroup>
    <ClInclude Include="MAP.h">
      <Filter>MAP</Filter>
    </ClInclude>
    <ClInclude Include="GAME_CLEAR.h">
      <Filter>SCENE\GAME</Filter>
    </ClInclude>
    <ClInclude Include="GAME_OBJECT.h">
      <Filter>SCENE\GAME</Filter>
    </ClInclude>
    <ClInclude Include="GAME_OVER.h">
      <Filter>SCENE\GAME</Filter>
    </ClInclude>
    <ClInclude Include="TITLE.h">
      <Filter>SCENE\GAME</Filter>
    </ClInclude>
    <ClInclude Include="CHARACTER_MANAGER.h" />
    <ClInclude Include="CHARACTER.h" />
    <ClInclude Include="PLAYER.h" />
    <ClInclude Include="CONTAINER.h">
      <Filter>CONTAINER</Filter>
    </ClInclude>
    <ClInclude Include="STAGE.h">
      <Filter>MAP</Filter>
    </ClInclude>
    <ClInclude Include="GAME.h">
      <Filter>MANAGER</Filter>
    </ClInclude>
    <ClInclude Include="SCENE.h">
      <Filter>SCENE</Filter>
    </ClInclude>
  </ItemGroup>
</Project>